
Microsoft Visual Studio Solution File, Format Version 12.00
# Visual Studio 15
VisualStudioVersion = 15.0.28307.168
MinimumVisualStudioVersion = 10.0.40219.1
Project("{FAE04EC0-301F-11D3-BF4B-00C04F79EFBC}") = "Kutuphanem(list)", "Kutuphanem\Kutuphanem(list).csproj", "{DE063B50-C689-4EDB-AF85-555CA3A7B481}"
EndProject
Project("{FAE04EC0-301F-11D3-BF4B-00C04F79EFBC}") = "KutuphanemLib", "KutuphanemLib\KutuphanemLib.csproj", "{4B02A698-AEBF-4E3C-A023-0E80446E76EF}"
EndProject
Global
	GlobalSection(SolutionConfigurationPlatforms) = preSolution
		Debug|Any CPU = Debug|Any CPU
		Release|Any CPU = Release|Any CPU
	EndGlobalSection
	GlobalSection(ProjectConfigurationPlatforms) = postSolution
		{DE063B50-C689-4EDB-AF85-555CA3A7B481}.Debug|Any CPU.ActiveCfg = Debug|Any CPU
		{DE063B50-C689-4EDB-AF85-555CA3A7B481}.Debug|Any CPU.Build.0 = Debug|Any CPU
		{DE063B50-C689-4EDB-AF85-555CA3A7B481}.Release|Any CPU.ActiveCfg = Release|Any CPU
		{DE063B50-C689-4EDB-AF85-555CA3A7B481}.Release|Any CPU.Build.0 = Release|Any CPU
		{4B02A698-AEBF-4E3C-A023-0E80446E76EF}.Debug|Any CPU.ActiveCfg = Debug|Any CPU
		{4B02A698-AEBF-4E3C-A023-0E80446E76EF}.Debug|Any CPU.Build.0 = Debug|Any CPU
		{4B02A698-AEBF-4E3C-A023-0E80446E76EF}.Release|Any CPU.ActiveCfg = Release|Any CPU
		{4B02A698-AEBF-4E3C-A023-0E80446E76EF}.Release|Any CPU.Build.0 = Release|Any CPU
	EndGlobalSection
	GlobalSection(SolutionProperties) = preSolution
		HideSolutionNode = FALSE
	EndGlobalSection
	GlobalSection(ExtensibilityGlobals) = postSolution
		SolutionGuid = {04931C38-1001-4793-AAF7-D15763D72A7B}
	EndGlobalSection
EndGlobal
